
Microsoft Visual Studio Solution File, Format Version 12.00
# Visual Studio Version 17
VisualStudioVersion = 17.10.34928.147
MinimumVisualStudioVersion = 10.0.40219.1
Project("{FAE04EC0-301F-11D3-BF4B-00C04F79EFBC}") = "iosMauiInterop", "iosMauiInterop.csproj", "{E2916A2F-8FCE-47E2-BCBC-91C456BEF434}"
EndProject
Global
	GlobalSection(SolutionConfigurationPlatforms) = preSolution
		Debug|Any CPU = Debug|Any CPU
		Release|Any CPU = Release|Any CPU
	EndGlobalSection
	GlobalSection(ProjectConfigurationPlatforms) = postSolution
		{E2916A2F-8FCE-47E2-BCBC-91C456BEF434}.Debug|Any CPU.ActiveCfg = Debug|Any CPU
		{E2916A2F-8FCE-47E2-BCBC-91C456BEF434}.Debug|Any CPU.Build.0 = Debug|Any CPU
		{E2916A2F-8FCE-47E2-BCBC-91C456BEF434}.Debug|Any CPU.Deploy.0 = Debug|Any CPU
		{E2916A2F-8FCE-47E2-BCBC-91C456BEF434}.Release|Any CPU.ActiveCfg = Release|Any CPU
		{E2916A2F-8FCE-47E2-BCBC-91C456BEF434}.Release|Any CPU.Build.0 = Release|Any CPU
		{E2916A2F-8FCE-47E2-BCBC-91C456BEF434}.Release|Any CPU.Deploy.0 = Release|Any CPU
	EndGlobalSection
	GlobalSection(SolutionProperties) = preSolution
		HideSolutionNode = FALSE
	EndGlobalSection
	GlobalSection(ExtensibilityGlobals) = postSolution
		SolutionGuid = {915DE32E-F7B4-473D-B897-F494D9B1CE5B}
	EndGlobalSection
EndGlobal
